// !$*UTF8*$!
{
    archiveVersion = 1;
    classes = {
    };
    objectVersion = 56;
    objects = {
        /* Begin PBXBuildFile section */
        13A1B2A02B9F1E1C00C7D123 /* App.swift in Sources */ = {isa = PBXBuildFile; fileRef = 13A1B29F2B9F1E1C00C7D123 /* App.swift */; };
        13A1B2A22B9F1E1C00C7D123 /* MainView.swift in Sources */ = {isa = PBXBuildFile; fileRef = 13A1B2A12B9F1E1C00C7D123 /* MainView.swift */; };
        13A1B2A42B9F1E1D00C7D123 /* Assets.xcassets in Resources */ = {isa = PBXBuildFile; fileRef = 13A1B2A32B9F1E1D00C7D123 /* Assets.xcassets */; };
        13A1B2A72B9F1E1D00C7D123 /* Preview Assets.xcassets in Resources */ = {isa = PBXBuildFile; fileRef = 13A1B2A62B9F1E1D00C7D123 /* Preview Assets.xcassets */; };
        13A1B2B22B9F1E4D00C7D123 /* BusinessCard.swift in Sources */ = {isa = PBXBuildFile; fileRef = 13A1B2B12B9F1E4D00C7D123 /* BusinessCard.swift */; };
        13A1B2B42B9F1E5D00C7D123 /* CSVImporter.swift in Sources */ = {isa = PBXBuildFile; fileRef = 13A1B2B32B9F1E5D00C7D123 /* CSVImporter.swift */; };
        13A1B2B62B9F1E6D00C7D123 /* ImageExporter.swift in Sources */ = {isa = PBXBuildFile; fileRef = 13A1B2B52B9F1E6D00C7D123 /* ImageExporter.swift */; };
        13A1B2B82B9F1E7D00C7D123 /* InputFormView.swift in Sources */ = {isa = PBXBuildFile; fileRef = 13A1B2B72B9F1E7D00C7D123 /* InputFormView.swift */; };
        13A1B2BA2B9F1E8D00C7D123 /* CardPreviewView.swift in Sources */ = {isa = PBXBuildFile; fileRef = 13A1B2B92B9F1E8D00C7D123 /* CardPreviewView.swift */; };
        /* End PBXBuildFile section */

        /* Begin PBXFileReference section */
        13A1B29C2B9F1E1C00C7D123 /* Business Card Generator.app */ = {isa = PBXFileReference; explicitFileType = wrapper.application; includeInIndex = 0; path = "Business Card Generator.app"; sourceTree = BUILT_PRODUCTS_DIR; };
        13A1B29F2B9F1E1C00C7D123 /* App.swift */ = {isa = PBXFileReference; lastKnownFileType = sourcecode.swift; path = App.swift; sourceTree = "<group>"; };
        13A1B2A12B9F1E1C00C7D123 /* MainView.swift */ = {isa = PBXFileReference; lastKnownFileType = sourcecode.swift; path = MainView.swift; sourceTree = "<group>"; };
        13A1B2A32B9F1E1D00C7D123 /* Assets.xcassets */ = {isa = PBXFileReference; lastKnownFileType = folder.assetcatalog; path = Assets.xcassets; sourceTree = "<group>"; };
        13A1B2A62B9F1E1D00C7D123 /* Preview Assets.xcassets */ = {isa = PBXFileReference; lastKnownFileType = folder.assetcatalog; path = "Preview Assets.xcassets"; sourceTree = "<group>"; };
        13A1B2A82B9F1E1D00C7D123 /* BusinessCardGenerator.entitlements */ = {isa = PBXFileReference; lastKnownFileType = text.plist.entitlements; path = BusinessCardGenerator.entitlements; sourceTree = "<group>"; };
        13A1B2B12B9F1E4D00C7D123 /* BusinessCard.swift */ = {isa = PBXFileReference; lastKnownFileType = sourcecode.swift; path = BusinessCard.swift; sourceTree = "<group>"; };
        13A1B2B32B9F1E5D00C7D123 /* CSVImporter.swift */ = {isa = PBXFileReference; lastKnownFileType = sourcecode.swift; path = CSVImporter.swift; sourceTree = "<group>"; };
        13A1B2B52B9F1E6D00C7D123 /* ImageExporter.swift */ = {isa = PBXFileReference; lastKnownFileType = sourcecode.swift; path = ImageExporter.swift; sourceTree = "<group>"; };
        13A1B2B72B9F1E7D00C7D123 /* InputFormView.swift */ = {isa = PBXFileReference; lastKnownFileType = sourcecode.swift; path = InputFormView.swift; sourceTree = "<group>"; };
        13A1B2B92B9F1E8D00C7D123 /* CardPreviewView.swift */ = {isa = PBXFileReference; lastKnownFileType = sourcecode.swift; path = CardPreviewView.swift; sourceTree = "<group>"; };
        /* End PBXFileReference section */

        /* Begin PBXFrameworksBuildPhase section */
        13A1B2992B9F1E1C00C7D123 /* Frameworks */ = {
            isa = PBXFrameworksBuildPhase;
            buildActionMask = 2147483647;
            files = (
            );
            runOnlyForDeploymentPostprocessing = 0;
        };
        /* End PBXFrameworksBuildPhase section */

        /* Begin PBXGroup section */
        13A1B2932B9F1E1C00C7D123 = {
            isa = PBXGroup;
            children = (
                13A1B29E2B9F1E1C00C7D123 /* BusinessCardGenerator */,
                13A1B29D2B9F1E1C00C7D123 /* Products */,
            );
            sourceTree = "<group>";
        };
        13A1B29D2B9F1E1C00C7D123 /* Products */ = {
            isa = PBXGroup;
            children = (
                13A1B29C2B9F1E1C00C7D123 /* Business Card Generator.app */,
            );
            name = Products;
            sourceTree = "<group>";
        };
        13A1B29E2B9F1E1C00C7D123 /* BusinessCardGenerator */ = {
            isa = PBXGroup;
            children = (
                13A1B2AE2B9F1E3000C7D123 /* Models */,
                13A1B2AF2B9F1E3700C7D123 /* Views */,
                13A1B2B02B9F1E3E00C7D123 /* Utils */,
                13A1B29F2B9F1E1C00C7D123 /* App.swift */,
                13A1B2A32B9F1E1D00C7D123 /* Assets.xcassets */,
                13A1B2A82B9F1E1D00C7D123 /* BusinessCardGenerator.entitlements */,
                13A1B2A52B9F1E1D00C7D123 /* Preview Content */,
            );
            path = BusinessCardGenerator;
            sourceTree = "<group>";
        };
        13A1B2A52B9F1E1D00C7D123 /* Preview Content */ = {
            isa = PBXGroup;
            children = (
                13A1B2A62B9F1E1D00C7D123 /* Preview Assets.xcassets */,
            );
            path = "Preview Content";
            sourceTree = "<group>";
        };
        13A1B2AE2B9F1E3000C7D123 /* Models */ = {
            isa = PBXGroup;
            children = (
                13A1B2B12B9F1E4D00C7D123 /* BusinessCard.swift */,
                13A1B2B32B9F1E5D00C7D123 /* CSVImporter.swift */,
            );
            path = Models;
            sourceTree = "<group>";
        };
        13A1B2AF2B9F1E3700C7D123 /* Views */ = {
            isa = PBXGroup;
            children = (
                13A1B2A12B9F1E1C00C7D123 /* MainView.swift */,
                13A1B2B72B9F1E7D00C7D123 /* InputFormView.swift */,
                13A1B2B92B9F1E8D00C7D123 /* CardPreviewView.swift */,
            );
            path = Views;
            sourceTree = "<group>";
        };
        13A1B2B02B9F1E3E00C7D123 /* Utils */ = {
            isa = PBXGroup;
            children = (
                13A1B2B52B9F1E6D00C7D123 /* ImageExporter.swift */,
            );
            path = Utils;
            sourceTree = "<group>";
        };
        /* End PBXGroup section */

        /* Begin PBXNativeTarget section */
        13A1B29B2B9F1E1C00C7D123 /* BusinessCardGenerator */ = {
            isa = PBXNativeTarget;
            buildConfigurationList = 13A1B2AB2B9F1E1D00C7D123 /* Build configuration list for PBXNativeTarget "BusinessCardGenerator" */;
            buildPhases = (
                13A1B2982B9F1E1C00C7D123 /* Sources */,
                13A1B2992B9F1E1C00C7D123 /* Frameworks */,
                13A1B29A2B9F1E1C00C7D123 /* Resources */,
            );
            buildRules = (
            );
            dependencies = (
            );
            name = BusinessCardGenerator;
            productName = BusinessCardGenerator;
            productReference = 13A1B29C2B9F1E1C00C7D123 /* Business Card Generator.app */;
            productType = "com.apple.product-type.application";
        };
        /* End PBXNativeTarget section */

        /* Begin PBXProject section */
        13A1B2942B9F1E1C00C7D123 /* Project object */ = {
            isa = PBXProject;
            attributes = {
                BuildIndependentTargetsInParallel = 1;
                LastSwiftUpdateCheck = 1530;
                LastUpgradeCheck = 1530;
                TargetAttributes = {
                    13A1B29B2B9F1E1C00C7D123 = {
                        CreatedOnToolsVersion = 15.3;
                    };
                };
            };
            buildConfigurationList = 13A1B2972B9F1E1C00C7D123 /* Build configuration list for PBXProject "BusinessCardGenerator" */;
            compatibilityVersion = "Xcode 14.0";
            developmentRegion = en;
            hasScannedForEncodings = 0;
            knownRegions = (
                en,
                Base,
            );
            mainGroup = 13A1B2932B9F1E1C00C7D123;
            productRefGroup = 13A1B29D2B9F1E1C00C7D123 /* Products */;
            projectDirPath = "";
            projectRoot = "";
            targets = (
                13A1B29B2B9F1E1C00C7D123 /* BusinessCardGenerator */,
            );
        };
        /* End PBXProject section */

        /* Begin PBXResourcesBuildPhase section */
        13A1B29A2B9F1E1C00C7D123 /* Resources */ = {
            isa = PBXResourcesBuildPhase;
            buildActionMask = 2147483647;
            files = (
                13A1B2A72B9F1E1D00C7D123 /* Preview Assets.xcassets in Resources */,
                13A1B2A42B9F1E1D00C7D123 /* Assets.xcassets in Resources */,
            );
            runOnlyForDeploymentPostprocessing = 0;
        };
        /* End PBXResourcesBuildPhase section */

        /* Begin PBXSourcesBuildPhase section */
        13A1B2982B9F1E1C00C7D123 /* Sources */ = {
            isa = PBXSourcesBuildPhase;
            buildActionMask = 2147483647;
            files = (
                13A1B2A22B9F1E1C00C7D123 /* MainView.swift in Sources */,
                13A1B2B22B9F1E4D00C7D123 /* BusinessCard.swift in Sources */,
                13A1B2B42B9F1E5D00C7D123 /* CSVImporter.swift in Sources */,
                13A1B2B62B9F1E6D00C7D123 /* ImageExporter.swift in Sources */,
                13A1B2B82B9F1E7D00C7D123 /* InputFormView.swift in Sources */,
                13A1B2BA2B9F1E8D00C7D123 /* CardPreviewView.swift in Sources */,
                13A1B2A02B9F1E1C00C7D123 /* App.swift in Sources */,
            );
            runOnlyForDeploymentPostprocessing = 0;
        };
        /* End PBXSourcesBuildPhase section */

        /* Begin XCBuildConfiguration section */
        13A1B2A92B9F1E1D00C7D123 /* Debug */ = {
            isa = XCBuildConfiguration;
            buildSettings = {
                ALWAYS_SEARCH_USER_PATHS = NO;
                ASSETCATALOG_COMPILER_GENERATE_SWIFT_ASSET_SYMBOL_EXTENSIONS = YES;
                CLANG_ANALYZER_NONNULL = YES;
                CLANG_ANALYZER_NUMBER_OBJECT_CONVERSION = YES_AGGRESSIVE;
                CLANG_CXX_LANGUAGE_STANDARD = "gnu++20";
                CLANG_ENABLE_MODULES = YES;
                CLANG_ENABLE_OBJC_ARC = YES;
                CLANG_ENABLE_OBJC_WEAK = YES;
                CLANG_WARN_BLOCK_CAPTURE_AUTORELEASING = YES;
                CLANG_WARN_BOOL_CONVERSION = YES;
                CLANG_WARN_COMMA = YES;
                CLANG_WARN_CONSTANT_CONVERSION = YES;
                CLANG_WARN_DEPRECATED_OBJC_IMPLEMENTATIONS = YES;
                CLANG_WARN_DIRECT_OBJC_ISA_USAGE = YES_ERROR;
                CLANG_WARN_DOCUMENTATION_COMMENTS = YES;
                CLANG_WARN_EMPTY_BODY = YES;
                CLANG_WARN_ENUM_CONVERSION = YES;
                CLANG_WARN_INFINITE_RECURSION = YES;
                CLANG_WARN_INT_CONVERSION = YES;
                CLANG_WARN_NON_LITERAL_NULL_CONVERSION = YES;
                CLANG_WARN_OBJC_IMPLICIT_RETAIN_SELF = YES;
                CLANG_WARN_OBJC_LITERAL_CONVERSION = YES;
                CLANG_WARN_OBJC_ROOT_CLASS = YES_ERROR;
                CLANG_WARN_QUOTED_INCLUDE_IN_FRAMEWORK_HEADER = YES;
                CLANG_WARN_RANGE_LOOP_ANALYSIS = YES;
                CLANG_WARN_STRICT_PROTOTYPES = YES;
                CLANG_WARN_SUSPICIOUS_MOVE = YES;
                CLANG_WARN_UNGUARDED_AVAILABILITY = YES_AGGRESSIVE;
                CLANG_WARN_UNREACHABLE_CODE = YES;
                CLANG_WARN__DUPLICATE_METHOD_MATCH = YES;
                COPY_PHASE_STRIP = NO;
                DEBUG_INFORMATION_FORMAT = dwarf;
                ENABLE_STRICT_OBJC_MSGSEND = YES;
                ENABLE_TESTABILITY = YES;
                ENABLE_USER_SCRIPT_SANDBOXING = YES;
                GCC_C_LANGUAGE_STANDARD = gnu17;
                GCC_DYNAMIC_NO_PIC = NO;
                GCC_NO_COMMON_BLOCKS = YES;
                GCC_OPTIMIZATION_LEVEL = 0;
                GCC_PREPROCESSOR_DEFINITIONS = (
                    "DEBUG=1",
                    "$(inherited)",
                );
                GCC_WARN_64_TO_32_BIT_CONVERSION = YES;
                GCC_WARN_ABOUT_RETURN_TYPE = YES_ERROR;
                GCC_WARN_UNDECLARED_SELECTOR = YES;
                GCC_WARN_UNINITIALIZED_AUTOS = YES_AGGRESSIVE;
                GCC_WARN_UNUSED_FUNCTION = YES;
                GCC_WARN_UNUSED_VARIABLE = YES;
                LOCALIZATION_PREFERS_STRING_CATALOGS = YES;
                MACOSX_DEPLOYMENT_TARGET = 13.0;
                MTL_ENABLE_DEBUG_INFO = INCLUDE_SOURCE;
                MTL_FAST_MATH = YES;
                ONLY_ACTIVE_ARCH = YES;
                SDKROOT = macosx;
                SWIFT_ACTIVE_COMPILATION_CONDITIONS = "DEBUG $(inherited)";
                SWIFT_OPTIMIZATION_LEVEL = "-Onone";
            };
            name = Debug;
        };
        13A1B2AA2B9F1E1D00C7D123 /* Release */ = {
            isa = XCBuildConfiguration;
            buildSettings = {
                ALWAYS_SEARCH_USER_PATHS = NO;
                ASSETCATALOG_COMPILER_GENERATE_SWIFT_ASSET_SYMBOL_EXTENSIONS = YES;
                CLANG_ANALYZER_NONNULL = YES;
                CLANG_ANALYZER_NUMBER_OBJECT_CONVERSION = YES_AGGRESSIVE;
                CLANG_CXX_LANGUAGE_STANDARD = "gnu++20";
                CLANG_ENABLE_MODULES = YES;
                CLANG_ENABLE_OBJC_ARC = YES;
                CLANG_ENABLE_OBJC_WEAK = YES;
                CLANG_WARN_BLOCK_CAPTURE_AUTORELEASING = YES;
                CLANG_WARN_BOOL_CONVERSION = YES;
                CLANG_WARN_COMMA = YES;
                CLANG_WARN_CONSTANT_CONVERSION = YES;
                CLANG_WARN_DEPRECATED_OBJC_IMPLEMENTATIONS = YES;
                CLANG_WARN_DIRECT_OBJC_ISA_USAGE = YES_ERROR;
                CLANG_WARN_DOCUMENTATION_COMMENTS = YES;
                CLANG_WARN_EMPTY_BODY = YES;
                CLANG_WARN_ENUM_CONVERSION = YES;
                CLANG_WARN_INFINITE_RECURSION = YES;
                CLANG_WARN_INT_CONVERSION = YES;
                CLANG_WARN_NON_LITERAL_NULL_CONVERSION = YES;
                CLANG_WARN_OBJC_IMPLICIT_RETAIN_SELF = YES;
                CLANG_WARN_OBJC_LITERAL_CONVERSION = YES;
                CLANG_WARN_OBJC_ROOT_CLASS = YES_ERROR;
                CLANG_WARN_QUOTED_INCLUDE_IN_FRAMEWORK_HEADER = YES;
                CLANG_WARN_RANGE_LOOP_ANALYSIS = YES;
                CLANG_WARN_STRICT_PROTOTYPES = YES;
                CLANG_WARN_SUSPICIOUS_MOVE = YES;
                CLANG_WARN_UNGUARDED_AVAILABILITY = YES_AGGRESSIVE;
                CLANG_WARN_UNREACHABLE_CODE = YES;
                CLANG_WARN__DUPLICATE_METHOD_MATCH = YES;
                COPY_PHASE_STRIP = NO;
                DEBUG_INFORMATION_FORMAT = "dwarf-with-dsym";
                ENABLE_NS_ASSERTIONS = NO;
                ENABLE_STRICT_OBJC_MSGSEND = YES;
                ENABLE_USER_SCRIPT_SANDBOXING = YES;
                GCC_C_LANGUAGE_STANDARD = gnu17;
                GCC_NO_COMMON_BLOCKS = YES;
                GCC_WARN_64_TO_32_BIT_CONVERSION = YES;
                GCC_WARN_ABOUT_RETURN_TYPE = YES_ERROR;
                GCC_WARN_UNDECLARED_SELECTOR = YES;
                GCC_WARN_UNINITIALIZED_AUTOS = YES_AGGRESSIVE;
                GCC_WARN_UNUSED_FUNCTION = YES;
                GCC_WARN_UNUSED_VARIABLE = YES;
                LOCALIZATION_PREFERS_STRING_CATALOGS = YES;
                MACOSX_DEPLOYMENT_TARGET = 13.0;
                MTL_ENABLE_DEBUG_INFO = NO;
                MTL_FAST_MATH = YES;
                SDKROOT = macosx;
                SWIFT_COMPILATION_MODE = wholemodule;
            };
            name = Release;
        };
        13A1B2AC2B9F1E1D00C7D123 /* Debug */ = {
            isa = XCBuildConfiguration;
            buildSettings = {
                ASSETCATALOG_COMPILER_APPICON_NAME = AppIcon;
                ASSETCATALOG_COMPILER_GLOBAL_ACCENT_COLOR_NAME = AccentColor;
                CODE_SIGN_ENTITLEMENTS = BusinessCardGenerator/BusinessCardGenerator.entitlements;
                CODE_SIGN_STYLE = Automatic;
                COMBINE_HIDPI_IMAGES = YES;
                CURRENT_PROJECT_VERSION = 1;
                DEVELOPMENT_ASSET_PATHS = "\"BusinessCardGenerator/Preview Content\"";
                ENABLE_PREVIEWS = YES;
                GENERATE_INFOPLIST_FILE = YES;
                INFOPLIST_KEY_NSHumanReadableCopyright = "";
                INFOPLIST_KEY_NSPrincipalClass = NSApplication;
                LD_RUNPATH_SEARCH_PATHS = (
                    "$(inherited)",
                    "@executable_path/../Frameworks",
                );
                MARKETING_VERSION = 1.0;
                PRODUCT_BUNDLE_IDENTIFIER = "com.andrewkuan.business-card-generator";
                PRODUCT_NAME = "Business Card Generator";
                SWIFT_EMIT_LOC_STRINGS = YES;
                SWIFT_VERSION = 5.0;
            };
            name = Debug;
        };
        13A1B2AD2B9F1E1D00C7D123 /* Release */ = {
            isa = XCBuildConfiguration;
            buildSettings = {
                ASSETCATALOG_COMPILER_APPICON_NAME = AppIcon;
                ASSETCATALOG_COMPILER_GLOBAL_ACCENT_COLOR_NAME = AccentColor;
                CODE_SIGN_ENTITLEMENTS = BusinessCardGenerator/BusinessCardGenerator.entitlements;
                CODE_SIGN_STYLE = Automatic;
                COMBINE_HIDPI_IMAGES = YES;
                CURRENT_PROJECT_VERSION = 1;
                DEVELOPMENT_ASSET_PATHS = "\"BusinessCardGenerator/Preview Content\"";
                ENABLE_PREVIEWS = YES;
                GENERATE_INFOPLIST_FILE = YES;
                INFOPLIST_KEY_NSHumanReadableCopyright = "";
                INFOPLIST_KEY_NSPrincipalClass = NSApplication;
                LD_RUNPATH_SEARCH_PATHS = (
                    "$(inherited)",
                    "@executable_path/../Frameworks",
                );
                MARKETING_VERSION = 1.0;
                PRODUCT_BUNDLE_IDENTIFIER = "com.andrewkuan.business-card-generator";
                PRODUCT_NAME = "Business Card Generator";
                SWIFT_EMIT_LOC_STRINGS = YES;
                SWIFT_VERSION = 5.0;
            };
            name = Release;
        };
        /* End XCBuildConfiguration section */

        /* Begin XCConfigurationList section */
        13A1B2972B9F1E1C00C7D123 /* Build configuration list for PBXProject "BusinessCardGenerator" */ = {
            isa = XCConfigurationList;
            buildConfigurations = (
                13A1B2A92B9F1E1D00C7D123 /* Debug */,
                13A1B2AA2B9F1E1D00C7D123 /* Release */,
            );
            defaultConfigurationIsVisible = 0;
            defaultConfigurationName = Release;
        };
        13A1B2AB2B9F1E1D00C7D123 /* Build configuration list for PBXNativeTarget "BusinessCardGenerator" */ = {
            isa = XCConfigurationList;
            buildConfigurations = (
                13A1B2AC2B9F1E1D00C7D123 /* Debug */,
                13A1B2AD2B9F1E1D00C7D123 /* Release */,
            );
            defaultConfigurationIsVisible = 0;
            defaultConfigurationName = Release;
        };
        /* End XCConfigurationList section */
    };
    rootObject = 13A1B2942B9F1E1C00C7D123 /* Project object */;
} 